
Microsoft Visual Studio Solution File, Format Version 12.00
# Visual Studio 15
VisualStudioVersion = 15.0.27703.2042
MinimumVisualStudioVersion = 10.0.40219.1
Project("{FAE04EC0-301F-11D3-BF4B-00C04F79EFBC}") = "LeetCode", "LeetCode\LeetCode.csproj", "{1A08C855-E412-497F-958F-F16AFCEACF27}"
EndProject
Project("{FAE04EC0-301F-11D3-BF4B-00C04F79EFBC}") = "LeetCodeTests", "LeetCodeTests\LeetCodeTests.csproj", "{A023FB2A-5DB8-4D4B-A6CF-E0815E840122}"
EndProject
Global
	GlobalSection(SolutionConfigurationPlatforms) = preSolution
		Debug|Any CPU = Debug|Any CPU
		Release|Any CPU = Release|Any CPU
	EndGlobalSection
	GlobalSection(ProjectConfigurationPlatforms) = postSolution
		{1A08C855-E412-497F-958F-F16AFCEACF27}.Debug|Any CPU.ActiveCfg = Debug|Any CPU
		{1A08C855-E412-497F-958F-F16AFCEACF27}.Debug|Any CPU.Build.0 = Debug|Any CPU
		{1A08C855-E412-497F-958F-F16AFCEACF27}.Release|Any CPU.ActiveCfg = Release|Any CPU
		{1A08C855-E412-497F-958F-F16AFCEACF27}.Release|Any CPU.Build.0 = Release|Any CPU
		{A023FB2A-5DB8-4D4B-A6CF-E0815E840122}.Debug|Any CPU.ActiveCfg = Debug|Any CPU
		{A023FB2A-5DB8-4D4B-A6CF-E0815E840122}.Debug|Any CPU.Build.0 = Debug|Any CPU
		{A023FB2A-5DB8-4D4B-A6CF-E0815E840122}.Release|Any CPU.ActiveCfg = Release|Any CPU
		{A023FB2A-5DB8-4D4B-A6CF-E0815E840122}.Release|Any CPU.Build.0 = Release|Any CPU
	EndGlobalSection
	GlobalSection(SolutionProperties) = preSolution
		HideSolutionNode = FALSE
	EndGlobalSection
	GlobalSection(ExtensibilityGlobals) = postSolution
		SolutionGuid = {4174932F-6FB0-4791-9068-8E0EEFD153BF}
	EndGlobalSection
EndGlobal
